
Microsoft Visual Studio Solution File, Format Version 12.00
# Visual Studio Version 16
VisualStudioVersion = 16.0.30907.101
MinimumVisualStudioVersion = 10.0.40219.1
Project("{FAE04EC0-301F-11D3-BF4B-00C04F79EFBC}") = "AppLanches.Android", "AppLanches\AppLanches.Android\AppLanches.Android.csproj", "{AA895064-C7EA-4F51-8917-5F054CE8CBCE}"
EndProject
Project("{FAE04EC0-301F-11D3-BF4B-00C04F79EFBC}") = "AppLanches.iOS", "AppLanches\AppLanches.iOS\AppLanches.iOS.csproj", "{1AFD395C-A2A5-4ECD-A971-361C8B55757A}"
EndProject
Project("{FAE04EC0-301F-11D3-BF4B-00C04F79EFBC}") = "AppLanches", "AppLanches\AppLanches\AppLanches.csproj", "{98C49632-2376-45F6-9032-BD202655923E}"
EndProject
Project("{FAE04EC0-301F-11D3-BF4B-00C04F79EFBC}") = "AppLanchesAPI", "AppLanchesAPI\AppLanchesAPI.csproj", "{CBDE8827-C1AB-4222-AEE6-F6039AABD03D}"
EndProject
Global
	GlobalSection(SolutionConfigurationPlatforms) = preSolution
		Debug|Any CPU = Debug|Any CPU
		Debug|iPhone = Debug|iPhone
		Debug|iPhoneSimulator = Debug|iPhoneSimulator
		Release|Any CPU = Release|Any CPU
		Release|iPhone = Release|iPhone
		Release|iPhoneSimulator = Release|iPhoneSimulator
	EndGlobalSection
	GlobalSection(ProjectConfigurationPlatforms) = postSolution
		{AA895064-C7EA-4F51-8917-5F054CE8CBCE}.Debug|Any CPU.ActiveCfg = Debug|Any CPU
		{AA895064-C7EA-4F51-8917-5F054CE8CBCE}.Debug|Any CPU.Build.0 = Debug|Any CPU
		{AA895064-C7EA-4F51-8917-5F054CE8CBCE}.Debug|Any CPU.Deploy.0 = Debug|Any CPU
		{AA895064-C7EA-4F51-8917-5F054CE8CBCE}.Debug|iPhone.ActiveCfg = Debug|Any CPU
		{AA895064-C7EA-4F51-8917-5F054CE8CBCE}.Debug|iPhone.Build.0 = Debug|Any CPU
		{AA895064-C7EA-4F51-8917-5F054CE8CBCE}.Debug|iPhone.Deploy.0 = Debug|Any CPU
		{AA895064-C7EA-4F51-8917-5F054CE8CBCE}.Debug|iPhoneSimulator.ActiveCfg = Debug|Any CPU
		{AA895064-C7EA-4F51-8917-5F054CE8CBCE}.Debug|iPhoneSimulator.Build.0 = Debug|Any CPU
		{AA895064-C7EA-4F51-8917-5F054CE8CBCE}.Debug|iPhoneSimulator.Deploy.0 = Debug|Any CPU
		{AA895064-C7EA-4F51-8917-5F054CE8CBCE}.Release|Any CPU.ActiveCfg = Release|Any CPU
		{AA895064-C7EA-4F51-8917-5F054CE8CBCE}.Release|Any CPU.Build.0 = Release|Any CPU
		{AA895064-C7EA-4F51-8917-5F054CE8CBCE}.Release|Any CPU.Deploy.0 = Release|Any CPU
		{AA895064-C7EA-4F51-8917-5F054CE8CBCE}.Release|iPhone.ActiveCfg = Release|Any CPU
		{AA895064-C7EA-4F51-8917-5F054CE8CBCE}.Release|iPhone.Build.0 = Release|Any CPU
		{AA895064-C7EA-4F51-8917-5F054CE8CBCE}.Release|iPhone.Deploy.0 = Release|Any CPU
		{AA895064-C7EA-4F51-8917-5F054CE8CBCE}.Release|iPhoneSimulator.ActiveCfg = Release|Any CPU
		{AA895064-C7EA-4F51-8917-5F054CE8CBCE}.Release|iPhoneSimulator.Build.0 = Release|Any CPU
		{AA895064-C7EA-4F51-8917-5F054CE8CBCE}.Release|iPhoneSimulator.Deploy.0 = Release|Any CPU
		{1AFD395C-A2A5-4ECD-A971-361C8B55757A}.Debug|Any CPU.ActiveCfg = Debug|iPhone
		{1AFD395C-A2A5-4ECD-A971-361C8B55757A}.Debug|Any CPU.Build.0 = Debug|iPhone
		{1AFD395C-A2A5-4ECD-A971-361C8B55757A}.Debug|Any CPU.Deploy.0 = Debug|iPhone
		{1AFD395C-A2A5-4ECD-A971-361C8B55757A}.Debug|iPhone.ActiveCfg = Debug|iPhone
		{1AFD395C-A2A5-4ECD-A971-361C8B55757A}.Debug|iPhone.Build.0 = Debug|iPhone
		{1AFD395C-A2A5-4ECD-A971-361C8B55757A}.Debug|iPhone.Deploy.0 = Debug|iPhone
		{1AFD395C-A2A5-4ECD-A971-361C8B55757A}.Debug|iPhoneSimulator.ActiveCfg = Debug|iPhoneSimulator
		{1AFD395C-A2A5-4ECD-A971-361C8B55757A}.Debug|iPhoneSimulator.Build.0 = Debug|iPhoneSimulator
		{1AFD395C-A2A5-4ECD-A971-361C8B55757A}.Debug|iPhoneSimulator.Deploy.0 = Debug|iPhoneSimulator
		{1AFD395C-A2A5-4ECD-A971-361C8B55757A}.Release|Any CPU.ActiveCfg = Release|iPhoneSimulator
		{1AFD395C-A2A5-4ECD-A971-361C8B55757A}.Release|Any CPU.Build.0 = Release|iPhoneSimulator
		{1AFD395C-A2A5-4ECD-A971-361C8B55757A}.Release|Any CPU.Deploy.0 = Release|iPhoneSimulator
		{1AFD395C-A2A5-4ECD-A971-361C8B55757A}.Release|iPhone.ActiveCfg = Release|iPhone
		{1AFD395C-A2A5-4ECD-A971-361C8B55757A}.Release|iPhone.Build.0 = Release|iPhone
		{1AFD395C-A2A5-4ECD-A971-361C8B55757A}.Release|iPhone.Deploy.0 = Release|iPhone
		{1AFD395C-A2A5-4ECD-A971-361C8B55757A}.Release|iPhoneSimulator.ActiveCfg = Release|iPhoneSimulator
		{1AFD395C-A2A5-4ECD-A971-361C8B55757A}.Release|iPhoneSimulator.Build.0 = Release|iPhoneSimulator
		{1AFD395C-A2A5-4ECD-A971-361C8B55757A}.Release|iPhoneSimulator.Deploy.0 = Release|iPhoneSimulator
		{98C49632-2376-45F6-9032-BD202655923E}.Debug|Any CPU.ActiveCfg = Debug|Any CPU
		{98C49632-2376-45F6-9032-BD202655923E}.Debug|Any CPU.Build.0 = Debug|Any CPU
		{98C49632-2376-45F6-9032-BD202655923E}.Debug|Any CPU.Deploy.0 = Debug|Any CPU
		{98C49632-2376-45F6-9032-BD202655923E}.Debug|iPhone.ActiveCfg = Debug|Any CPU
		{98C49632-2376-45F6-9032-BD202655923E}.Debug|iPhone.Build.0 = Debug|Any CPU
		{98C49632-2376-45F6-9032-BD202655923E}.Debug|iPhone.Deploy.0 = Debug|Any CPU
		{98C49632-2376-45F6-9032-BD202655923E}.Debug|iPhoneSimulator.ActiveCfg = Debug|Any CPU
		{98C49632-2376-45F6-9032-BD202655923E}.Debug|iPhoneSimulator.Build.0 = Debug|Any CPU
		{98C49632-2376-45F6-9032-BD202655923E}.Debug|iPhoneSimulator.Deploy.0 = Debug|Any CPU
		{98C49632-2376-45F6-9032-BD202655923E}.Release|Any CPU.ActiveCfg = Release|Any CPU
		{98C49632-2376-45F6-9032-BD202655923E}.Release|Any CPU.Build.0 = Release|Any CPU
		{98C49632-2376-45F6-9032-BD202655923E}.Release|Any CPU.Deploy.0 = Release|Any CPU
		{98C49632-2376-45F6-9032-BD202655923E}.Release|iPhone.ActiveCfg = Release|Any CPU
		{98C49632-2376-45F6-9032-BD202655923E}.Release|iPhone.Build.0 = Release|Any CPU
		{98C49632-2376-45F6-9032-BD202655923E}.Release|iPhone.Deploy.0 = Release|Any CPU
		{98C49632-2376-45F6-9032-BD202655923E}.Release|iPhoneSimulator.ActiveCfg = Release|Any CPU
		{98C49632-2376-45F6-9032-BD202655923E}.Release|iPhoneSimulator.Build.0 = Release|Any CPU
		{98C49632-2376-45F6-9032-BD202655923E}.Release|iPhoneSimulator.Deploy.0 = Release|Any CPU
		{CBDE8827-C1AB-4222-AEE6-F6039AABD03D}.Debug|Any CPU.ActiveCfg = Debug|Any CPU
		{CBDE8827-C1AB-4222-AEE6-F6039AABD03D}.Debug|Any CPU.Build.0 = Debug|Any CPU
		{CBDE8827-C1AB-4222-AEE6-F6039AABD03D}.Debug|iPhone.ActiveCfg = Debug|Any CPU
		{CBDE8827-C1AB-4222-AEE6-F6039AABD03D}.Debug|iPhone.Build.0 = Debug|Any CPU
		{CBDE8827-C1AB-4222-AEE6-F6039AABD03D}.Debug|iPhoneSimulator.ActiveCfg = Debug|Any CPU
		{CBDE8827-C1AB-4222-AEE6-F6039AABD03D}.Debug|iPhoneSimulator.Build.0 = Debug|Any CPU
		{CBDE8827-C1AB-4222-AEE6-F6039AABD03D}.Release|Any CPU.ActiveCfg = Release|Any CPU
		{CBDE8827-C1AB-4222-AEE6-F6039AABD03D}.Release|Any CPU.Build.0 = Release|Any CPU
		{CBDE8827-C1AB-4222-AEE6-F6039AABD03D}.Release|iPhone.ActiveCfg = Release|Any CPU
		{CBDE8827-C1AB-4222-AEE6-F6039AABD03D}.Release|iPhone.Build.0 = Release|Any CPU
		{CBDE8827-C1AB-4222-AEE6-F6039AABD03D}.Release|iPhoneSimulator.ActiveCfg = Release|Any CPU
		{CBDE8827-C1AB-4222-AEE6-F6039AABD03D}.Release|iPhoneSimulator.Build.0 = Release|Any CPU
	EndGlobalSection
	GlobalSection(SolutionProperties) = preSolution
		HideSolutionNode = FALSE
	EndGlobalSection
	GlobalSection(ExtensibilityGlobals) = postSolution
		SolutionGuid = {9FD8E7DA-380A-4816-8FFC-240B913ED702}
	EndGlobalSection
EndGlobal
